
Microsoft Visual Studio Solution File, Format Version 12.00
# Visual Studio Version 16
VisualStudioVersion = 16.0.31613.86
MinimumVisualStudioVersion = 10.0.40219.1
Project("{9A19103F-16F7-4668-BE54-9A1E7A4F7556}") = "ACDMAutomation", "ACDMAutomation.csproj", "{7CF8CFAF-DF6F-442B-A46C-80D1594A032D}"
EndProject
Global
	GlobalSection(SolutionConfigurationPlatforms) = preSolution
		Debug|Any CPU = Debug|Any CPU
		Release|Any CPU = Release|Any CPU
	EndGlobalSection
	GlobalSection(ProjectConfigurationPlatforms) = postSolution
		{7CF8CFAF-DF6F-442B-A46C-80D1594A032D}.Debug|Any CPU.ActiveCfg = Debug|Any CPU
		{7CF8CFAF-DF6F-442B-A46C-80D1594A032D}.Debug|Any CPU.Build.0 = Debug|Any CPU
		{7CF8CFAF-DF6F-442B-A46C-80D1594A032D}.Release|Any CPU.ActiveCfg = Release|Any CPU
		{7CF8CFAF-DF6F-442B-A46C-80D1594A032D}.Release|Any CPU.Build.0 = Release|Any CPU
	EndGlobalSection
	GlobalSection(SolutionProperties) = preSolution
		HideSolutionNode = FALSE
	EndGlobalSection
	GlobalSection(ExtensibilityGlobals) = postSolution
		SolutionGuid = {3EA0F6A6-22B3-46E8-B29C-3CA14553D391}
	EndGlobalSection
EndGlobal
